// !$*UTF8*$!
{
	archiveVersion = 1;
	classes = {
	};
	objectVersion = 50;
	objects = {

/* Begin PBXBuildFile section */
		716F03DC22C4D98300E88DB2 /* AppDelegate.swift in Sources */ = {isa = PBXBuildFile; fileRef = 716F03DB22C4D98300E88DB2 /* AppDelegate.swift */; };
		716F03DE22C4D98300E88DB2 /* ViewController.swift in Sources */ = {isa = PBXBuildFile; fileRef = 716F03DD22C4D98300E88DB2 /* ViewController.swift */; };
		716F03E022C4D98400E88DB2 /* Assets.xcassets in Resources */ = {isa = PBXBuildFile; fileRef = 716F03DF22C4D98400E88DB2 /* Assets.xcassets */; };
		716F03E322C4D98400E88DB2 /* Main.storyboard in Resources */ = {isa = PBXBuildFile; fileRef = 716F03E122C4D98400E88DB2 /* Main.storyboard */; };
		716F03EF22C4D98400E88DB2 /* TransTimestampTests.swift in Sources */ = {isa = PBXBuildFile; fileRef = 716F03EE22C4D98400E88DB2 /* TransTimestampTests.swift */; };
		716F03FA22C4D98500E88DB2 /* TransTimestampUITests.swift in Sources */ = {isa = PBXBuildFile; fileRef = 716F03F922C4D98500E88DB2 /* TransTimestampUITests.swift */; };
/* End PBXBuildFile section */

/* Begin PBXContainerItemProxy section */
		716F03EB22C4D98400E88DB2 /* PBXContainerItemProxy */ = {
			isa = PBXContainerItemProxy;
			containerPortal = 716F03D022C4D98300E88DB2 /* Project object */;
			proxyType = 1;
			remoteGlobalIDString = 716F03D722C4D98300E88DB2;
			remoteInfo = TransTimestamp;
		};
		716F03F622C4D98500E88DB2 /* PBXContainerItemProxy */ = {
			isa = PBXContainerItemProxy;
			containerPortal = 716F03D022C4D98300E88DB2 /* Project object */;
			proxyType = 1;
			remoteGlobalIDString = 716F03D722C4D98300E88DB2;
			remoteInfo = TransTimestamp;
		};
/* End PBXContainerItemProxy section */

/* Begin PBXFileReference section */
		716F03D822C4D98300E88DB2 /* TransTimestamp.app */ = {isa = PBXFileReference; explicitFileType = wrapper.application; includeInIndex = 0; path = TransTimestamp.app; sourceTree = BUILT_PRODUCTS_DIR; };
		716F03DB22C4D98300E88DB2 /* AppDelegate.swift */ = {isa = PBXFileReference; lastKnownFileType = sourcecode.swift; path = AppDelegate.swift; sourceTree = "<group>"; };
		716F03DD22C4D98300E88DB2 /* ViewController.swift */ = {isa = PBXFileReference; lastKnownFileType = sourcecode.swift; path = ViewController.swift; sourceTree = "<group>"; };
		716F03DF22C4D98400E88DB2 /* Assets.xcassets */ = {isa = PBXFileReference; lastKnownFileType = folder.assetcatalog; path = Assets.xcassets; sourceTree = "<group>"; };
		716F03E222C4D98400E88DB2 /* Base */ = {isa = PBXFileReference; lastKnownFileType = file.storyboard; name = Base; path = Base.lproj/Main.storyboard; sourceTree = "<group>"; };
		716F03E422C4D98400E88DB2 /* Info.plist */ = {isa = PBXFileReference; lastKnownFileType = text.plist.xml; path = Info.plist; sourceTree = "<group>"; };
		716F03E522C4D98400E88DB2 /* TransTimestamp.entitlements */ = {isa = PBXFileReference; lastKnownFileType = text.plist.entitlements; path = TransTimestamp.entitlements; sourceTree = "<group>"; };
		716F03EA22C4D98400E88DB2 /* TransTimestampTests.xctest */ = {isa = PBXFileReference; explicitFileType = wrapper.cfbundle; includeInIndex = 0; path = TransTimestampTests.xctest; sourceTree = BUILT_PRODUCTS_DIR; };
		716F03EE22C4D98400E88DB2 /* TransTimestampTests.swift */ = {isa = PBXFileReference; lastKnownFileType = sourcecode.swift; path = TransTimestampTests.swift; sourceTree = "<group>"; };
		716F03F022C4D98400E88DB2 /* Info.plist */ = {isa = PBXFileReference; lastKnownFileType = text.plist.xml; path = Info.plist; sourceTree = "<group>"; };
		716F03F522C4D98500E88DB2 /* TransTimestampUITests.xctest */ = {isa = PBXFileReference; explicitFileType = wrapper.cfbundle; includeInIndex = 0; path = TransTimestampUITests.xctest; sourceTree = BUILT_PRODUCTS_DIR; };
		716F03F922C4D98500E88DB2 /* TransTimestampUITests.swift */ = {isa = PBXFileReference; lastKnownFileType = sourcecode.swift; path = TransTimestampUITests.swift; sourceTree = "<group>"; };
		716F03FB22C4D98500E88DB2 /* Info.plist */ = {isa = PBXFileReference; lastKnownFileType = text.plist.xml; path = Info.plist; sourceTree = "<group>"; };
/* End PBXFileReference section */

/* Begin PBXFrameworksBuildPhase section */
		716F03D522C4D98300E88DB2 /* Frameworks */ = {
			isa = PBXFrameworksBuildPhase;
			buildActionMask = 2147483647;
			files = (
			);
			runOnlyForDeploymentPostprocessing = 0;
		};
		716F03E722C4D98400E88DB2 /* Frameworks */ = {
			isa = PBXFrameworksBuildPhase;
			buildActionMask = 2147483647;
			files = (
			);
			runOnlyForDeploymentPostprocessing = 0;
		};
		716F03F222C4D98500E88DB2 /* Frameworks */ = {
			isa = PBXFrameworksBuildPhase;
			buildActionMask = 2147483647;
			files = (
			);
			runOnlyForDeploymentPostprocessing = 0;
		};
/* End PBXFrameworksBuildPhase section */

/* Begin PBXGroup section */
		716F03CF22C4D98300E88DB2 = {
			isa = PBXGroup;
			children = (
				716F03DA22C4D98300E88DB2 /* TransTimestamp */,
				716F03ED22C4D98400E88DB2 /* TransTimestampTests */,
				716F03F822C4D98500E88DB2 /* TransTimestampUITests */,
				716F03D922C4D98300E88DB2 /* Products */,
			);
			sourceTree = "<group>";
		};
		716F03D922C4D98300E88DB2 /* Products */ = {
			isa = PBXGroup;
			children = (
				716F03D822C4D98300E88DB2 /* TransTimestamp.app */,
				716F03EA22C4D98400E88DB2 /* TransTimestampTests.xctest */,
				716F03F522C4D98500E88DB2 /* TransTimestampUITests.xctest */,
			);
			name = Products;
			sourceTree = "<group>";
		};
		716F03DA22C4D98300E88DB2 /* TransTimestamp */ = {
			isa = PBXGroup;
			children = (
				716F03DB22C4D98300E88DB2 /* AppDelegate.swift */,
				716F03DD22C4D98300E88DB2 /* ViewController.swift */,
				716F03DF22C4D98400E88DB2 /* Assets.xcassets */,
				716F03E122C4D98400E88DB2 /* Main.storyboard */,
				716F03E422C4D98400E88DB2 /* Info.plist */,
				716F03E522C4D98400E88DB2 /* TransTimestamp.entitlements */,
			);
			path = TransTimestamp;
			sourceTree = "<group>";
		};
		716F03ED22C4D98400E88DB2 /* TransTimestampTests */ = {
			isa = PBXGroup;
			children = (
				716F03EE22C4D98400E88DB2 /* TransTimestampTests.swift */,
				716F03F022C4D98400E88DB2 /* Info.plist */,
			);
			path = TransTimestampTests;
			sourceTree = "<group>";
		};
		716F03F822C4D98500E88DB2 /* TransTimestampUITests */ = {
			isa = PBXGroup;
			children = (
				716F03F922C4D98500E88DB2 /* TransTimestampUITests.swift */,
				716F03FB22C4D98500E88DB2 /* Info.plist */,
			);
			path = TransTimestampUITests;
			sourceTree = "<group>";
		};
/* End PBXGroup section */

/* Begin PBXNativeTarget section */
		716F03D722C4D98300E88DB2 /* TransTimestamp */ = {
			isa = PBXNativeTarget;
			buildConfigurationList = 716F03FE22C4D98500E88DB2 /* Build configuration list for PBXNativeTarget "TransTimestamp" */;
			buildPhases = (
				716F03D422C4D98300E88DB2 /* Sources */,
				716F03D522C4D98300E88DB2 /* Frameworks */,
				716F03D622C4D98300E88DB2 /* Resources */,
			);
			buildRules = (
			);
			dependencies = (
			);
			name = TransTimestamp;
			productName = TransTimestamp;
			productReference = 716F03D822C4D98300E88DB2 /* TransTimestamp.app */;
			productType = "com.apple.product-type.application";
		};
		716F03E922C4D98400E88DB2 /* TransTimestampTests */ = {
			isa = PBXNativeTarget;
			buildConfigurationList = 716F040122C4D98500E88DB2 /* Build configuration list for PBXNativeTarget "TransTimestampTests" */;
			buildPhases = (
				716F03E622C4D98400E88DB2 /* Sources */,
				716F03E722C4D98400E88DB2 /* Frameworks */,
				716F03E822C4D98400E88DB2 /* Resources */,
			);
			buildRules = (
			);
			dependencies = (
				716F03EC22C4D98400E88DB2 /* PBXTargetDependency */,
			);
			name = TransTimestampTests;
			productName = TransTimestampTests;
			productReference = 716F03EA22C4D98400E88DB2 /* TransTimestampTests.xctest */;
			productType = "com.apple.product-type.bundle.unit-test";
		};
		716F03F422C4D98500E88DB2 /* TransTimestampUITests */ = {
			isa = PBXNativeTarget;
			buildConfigurationList = 716F040422C4D98500E88DB2 /* Build configuration list for PBXNativeTarget "TransTimestampUITests" */;
			buildPhases = (
				716F03F122C4D98500E88DB2 /* Sources */,
				716F03F222C4D98500E88DB2 /* Frameworks */,
				716F03F322C4D98500E88DB2 /* Resources */,
			);
			buildRules = (
			);
			dependencies = (
				716F03F722C4D98500E88DB2 /* PBXTargetDependency */,
			);
			name = TransTimestampUITests;
			productName = TransTimestampUITests;
			productReference = 716F03F522C4D98500E88DB2 /* TransTimestampUITests.xctest */;
			productType = "com.apple.product-type.bundle.ui-testing";
		};
/* End PBXNativeTarget section */

/* Begin PBXProject section */
		716F03D022C4D98300E88DB2 /* Project object */ = {
			isa = PBXProject;
			attributes = {
				LastSwiftUpdateCheck = 1010;
				LastUpgradeCheck = 1010;
				ORGANIZATIONNAME = chengshq;
				TargetAttributes = {
					716F03D722C4D98300E88DB2 = {
						CreatedOnToolsVersion = 10.1;
					};
					716F03E922C4D98400E88DB2 = {
						CreatedOnToolsVersion = 10.1;
						TestTargetID = 716F03D722C4D98300E88DB2;
					};
					716F03F422C4D98500E88DB2 = {
						CreatedOnToolsVersion = 10.1;
						TestTargetID = 716F03D722C4D98300E88DB2;
					};
				};
			};
			buildConfigurationList = 716F03D322C4D98300E88DB2 /* Build configuration list for PBXProject "TransTimestamp" */;
			compatibilityVersion = "Xcode 9.3";
			developmentRegion = en;
			hasScannedForEncodings = 0;
			knownRegions = (
				en,
				Base,
			);
			mainGroup = 716F03CF22C4D98300E88DB2;
			productRefGroup = 716F03D922C4D98300E88DB2 /* Products */;
			projectDirPath = "";
			projectRoot = "";
			targets = (
				716F03D722C4D98300E88DB2 /* TransTimestamp */,
				716F03E922C4D98400E88DB2 /* TransTimestampTests */,
				716F03F422C4D98500E88DB2 /* TransTimestampUITests */,
			);
		};
/* End PBXProject section */

/* Begin PBXResourcesBuildPhase section */
		716F03D622C4D98300E88DB2 /* Resources */ = {
			isa = PBXResourcesBuildPhase;
			buildActionMask = 2147483647;
			files = (
				716F03E022C4D98400E88DB2 /* Assets.xcassets in Resources */,
				716F03E322C4D98400E88DB2 /* Main.storyboard in Resources */,
			);
			runOnlyForDeploymentPostprocessing = 0;
		};
		716F03E822C4D98400E88DB2 /* Resources */ = {
			isa = PBXResourcesBuildPhase;
			buildActionMask = 2147483647;
			files = (
			);
			runOnlyForDeploymentPostprocessing = 0;
		};
		716F03F322C4D98500E88DB2 /* Resources */ = {
			isa = PBXResourcesBuildPhase;
			buildActionMask = 2147483647;
			files = (
			);
			runOnlyForDeploymentPostprocessing = 0;
		};
/* End PBXResourcesBuildPhase section */

/* Begin PBXSourcesBuildPhase section */
		716F03D422C4D98300E88DB2 /* Sources */ = {
			isa = PBXSourcesBuildPhase;
			buildActionMask = 2147483647;
			files = (
				716F03DE22C4D98300E88DB2 /* ViewController.swift in Sources */,
				716F03DC22C4D98300E88DB2 /* AppDelegate.swift in Sources */,
			);
			runOnlyForDeploymentPostprocessing = 0;
		};
		716F03E622C4D98400E88DB2 /* Sources */ = {
			isa = PBXSourcesBuildPhase;
			buildActionMask = 2147483647;
			files = (
				716F03EF22C4D98400E88DB2 /* TransTimestampTests.swift in Sources */,
			);
			runOnlyForDeploymentPostprocessing = 0;
		};
		716F03F122C4D98500E88DB2 /* Sources */ = {
			isa = PBXSourcesBuildPhase;
			buildActionMask = 2147483647;
			files = (
				716F03FA22C4D98500E88DB2 /* TransTimestampUITests.swift in Sources */,
			);
			runOnlyForDeploymentPostprocessing = 0;
		};
/* End PBXSourcesBuildPhase section */

/* Begin PBXTargetDependency section */
		716F03EC22C4D98400E88DB2 /* PBXTargetDependency */ = {
			isa = PBXTargetDependency;
			target = 716F03D722C4D98300E88DB2 /* TransTimestamp */;
			targetProxy = 716F03EB22C4D98400E88DB2 /* PBXContainerItemProxy */;
		};
		716F03F722C4D98500E88DB2 /* PBXTargetDependency */ = {
			isa = PBXTargetDependency;
			target = 716F03D722C4D98300E88DB2 /* TransTimestamp */;
			targetProxy = 716F03F622C4D98500E88DB2 /* PBXContainerItemProxy */;
		};
/* End PBXTargetDependency section */

/* Begin PBXVariantGroup section */
		716F03E122C4D98400E88DB2 /* Main.storyboard */ = {
			isa = PBXVariantGroup;
			children = (
				716F03E222C4D98400E88DB2 /* Base */,
			);
			name = Main.storyboard;
			sourceTree = "<group>";
		};
/* End PBXVariantGroup section */

/* Begin XCBuildConfiguration section */
		716F03FC22C4D98500E88DB2 /* Debug */ = {
			isa = XCBuildConfiguration;
			buildSettings = {
				ALWAYS_SEARCH_USER_PATHS = NO;
				CLANG_ANALYZER_NONNULL = YES;
				CLANG_ANALYZER_NUMBER_OBJECT_CONVERSION = YES_AGGRESSIVE;
				CLANG_CXX_LANGUAGE_STANDARD = "gnu++14";
				CLANG_CXX_LIBRARY = "libc++";
				CLANG_ENABLE_MODULES = YES;
				CLANG_ENABLE_OBJC_ARC = YES;
				CLANG_ENABLE_OBJC_WEAK = YES;
				CLANG_WARN_BLOCK_CAPTURE_AUTORELEASING = YES;
				CLANG_WARN_BOOL_CONVERSION = YES;
				CLANG_WARN_COMMA = YES;
				CLANG_WARN_CONSTANT_CONVERSION = YES;
				CLANG_WARN_DEPRECATED_OBJC_IMPLEMENTATIONS = YES;
				CLANG_WARN_DIRECT_OBJC_ISA_USAGE = YES_ERROR;
				CLANG_WARN_DOCUMENTATION_COMMENTS = YES;
				CLANG_WARN_EMPTY_BODY = YES;
				CLANG_WARN_ENUM_CONVERSION = YES;
				CLANG_WARN_INFINITE_RECURSION = YES;
				CLANG_WARN_INT_CONVERSION = YES;
				CLANG_WARN_NON_LITERAL_NULL_CONVERSION = YES;
				CLANG_WARN_OBJC_IMPLICIT_RETAIN_SELF = YES;
				CLANG_WARN_OBJC_LITERAL_CONVERSION = YES;
				CLANG_WARN_OBJC_ROOT_CLASS = YES_ERROR;
				CLANG_WARN_RANGE_LOOP_ANALYSIS = YES;
				CLANG_WARN_STRICT_PROTOTYPES = YES;
				CLANG_WARN_SUSPICIOUS_MOVE = YES;
				CLANG_WARN_UNGUARDED_AVAILABILITY = YES_AGGRESSIVE;
				CLANG_WARN_UNREACHABLE_CODE = YES;
				CLANG_WARN__DUPLICATE_METHOD_MATCH = YES;
				CODE_SIGN_IDENTITY = "Mac Developer";
				COPY_PHASE_STRIP = NO;
				DEBUG_INFORMATION_FORMAT = dwarf;
				ENABLE_STRICT_OBJC_MSGSEND = YES;
				ENABLE_TESTABILITY = YES;
				GCC_C_LANGUAGE_STANDARD = gnu11;
				GCC_DYNAMIC_NO_PIC = NO;
				GCC_NO_COMMON_BLOCKS = YES;
				GCC_OPTIMIZATION_LEVEL = 0;
				GCC_PREPROCESSOR_DEFINITIONS = (
					"DEBUG=1",
					"$(inherited)",
				);
				GCC_WARN_64_TO_32_BIT_CONVERSION = YES;
				GCC_WARN_ABOUT_RETURN_TYPE = YES_ERROR;
				GCC_WARN_UNDECLARED_SELECTOR = YES;
				GCC_WARN_UNINITIALIZED_AUTOS = YES_AGGRESSIVE;
				GCC_WARN_UNUSED_FUNCTION = YES;
				GCC_WARN_UNUSED_VARIABLE = YES;
				MACOSX_DEPLOYMENT_TARGET = 10.13;
				MTL_ENABLE_DEBUG_INFO = INCLUDE_SOURCE;
				MTL_FAST_MATH = YES;
				ONLY_ACTIVE_ARCH = YES;
				SDKROOT = macosx;
				SWIFT_ACTIVE_COMPILATION_CONDITIONS = DEBUG;
				SWIFT_OPTIMIZATION_LEVEL = "-Onone";
			};
			name = Debug;
		};
		716F03FD22C4D98500E88DB2 /* Release */ = {
			isa = XCBuildConfiguration;
			buildSettings = {
				ALWAYS_SEARCH_USER_PATHS = NO;
				CLANG_ANALYZER_NONNULL = YES;
				CLANG_ANALYZER_NUMBER_OBJECT_CONVERSION = YES_AGGRESSIVE;
				CLANG_CXX_LANGUAGE_STANDARD = "gnu++14";
				CLANG_CXX_LIBRARY = "libc++";
				CLANG_ENABLE_MODULES = YES;
				CLANG_ENABLE_OBJC_ARC = YES;
				CLANG_ENABLE_OBJC_WEAK = YES;
				CLANG_WARN_BLOCK_CAPTURE_AUTORELEASING = YES;
				CLANG_WARN_BOOL_CONVERSION = YES;
				CLANG_WARN_COMMA = YES;
				CLANG_WARN_CONSTANT_CONVERSION = YES;
				CLANG_WARN_DEPRECATED_OBJC_IMPLEMENTATIONS = YES;
				CLANG_WARN_DIRECT_OBJC_ISA_USAGE = YES_ERROR;
				CLANG_WARN_DOCUMENTATION_COMMENTS = YES;
				CLANG_WARN_EMPTY_BODY = YES;
				CLANG_WARN_ENUM_CONVERSION = YES;
				CLANG_WARN_INFINITE_RECURSION = YES;
				CLANG_WARN_INT_CONVERSION = YES;
				CLANG_WARN_NON_LITERAL_NULL_CONVERSION = YES;
				CLANG_WARN_OBJC_IMPLICIT_RETAIN_SELF = YES;
				CLANG_WARN_OBJC_LITERAL_CONVERSION = YES;
				CLANG_WARN_OBJC_ROOT_CLASS = YES_ERROR;
				CLANG_WARN_RANGE_LOOP_ANALYSIS = YES;
				CLANG_WARN_STRICT_PROTOTYPES = YES;
				CLANG_WARN_SUSPICIOUS_MOVE = YES;
				CLANG_WARN_UNGUARDED_AVAILABILITY = YES_AGGRESSIVE;
				CLANG_WARN_UNREACHABLE_CODE = YES;
				CLANG_WARN__DUPLICATE_METHOD_MATCH = YES;
				CODE_SIGN_IDENTITY = "Mac Developer";
				COPY_PHASE_STRIP = NO;
				DEBUG_INFORMATION_FORMAT = "dwarf-with-dsym";
				ENABLE_NS_ASSERTIONS = NO;
				ENABLE_STRICT_OBJC_MSGSEND = YES;
				GCC_C_LANGUAGE_STANDARD = gnu11;
				GCC_NO_COMMON_BLOCKS = YES;
				GCC_WARN_64_TO_32_BIT_CONVERSION = YES;
				GCC_WARN_ABOUT_RETURN_TYPE = YES_ERROR;
				GCC_WARN_UNDECLARED_SELECTOR = YES;
				GCC_WARN_UNINITIALIZED_AUTOS = YES_AGGRESSIVE;
				GCC_WARN_UNUSED_FUNCTION = YES;
				GCC_WARN_UNUSED_VARIABLE = YES;
				MACOSX_DEPLOYMENT_TARGET = 10.13;
				MTL_ENABLE_DEBUG_INFO = NO;
				MTL_FAST_MATH = YES;
				SDKROOT = macosx;
				SWIFT_COMPILATION_MODE = wholemodule;
				SWIFT_OPTIMIZATION_LEVEL = "-O";
			};
			name = Release;
		};
		716F03FF22C4D98500E88DB2 /* Debug */ = {
			isa = XCBuildConfiguration;
			buildSettings = {
				ASSETCATALOG_COMPILER_APPICON_NAME = AppIcon;
				CODE_SIGN_ENTITLEMENTS = TransTimestamp/TransTimestamp.entitlements;
				CODE_SIGN_STYLE = Automatic;
				COMBINE_HIDPI_IMAGES = YES;
				DEVELOPMENT_TEAM = 256XK3JMY6;
				INFOPLIST_FILE = TransTimestamp/Info.plist;
				LD_RUNPATH_SEARCH_PATHS = (
					"$(inherited)",
					"@executable_path/../Frameworks",
				);
				PRODUCT_BUNDLE_IDENTIFIER = chengshq.TransTimestamp;
				PRODUCT_NAME = "$(TARGET_NAME)";
				SWIFT_VERSION = 4.2;
			};
			name = Debug;
		};
		716F040022C4D98500E88DB2 /* Release */ = {
			isa = XCBuildConfiguration;
			buildSettings = {
				ASSETCATALOG_COMPILER_APPICON_NAME = AppIcon;
				CODE_SIGN_ENTITLEMENTS = TransTimestamp/TransTimestamp.entitlements;
				CODE_SIGN_STYLE = Automatic;
				COMBINE_HIDPI_IMAGES = YES;
				DEVELOPMENT_TEAM = 256XK3JMY6;
				INFOPLIST_FILE = TransTimestamp/Info.plist;
				LD_RUNPATH_SEARCH_PATHS = (
					"$(inherited)",
					"@executable_path/../Frameworks",
				);
				PRODUCT_BUNDLE_IDENTIFIER = chengshq.TransTimestamp;
				PRODUCT_NAME = "$(TARGET_NAME)";
				SWIFT_VERSION = 4.2;
			};
			name = Release;
		};
		716F040222C4D98500E88DB2 /* Debug */ = {
			isa = XCBuildConfiguration;
			buildSettings = {
				ALWAYS_EMBED_SWIFT_STANDARD_LIBRARIES = YES;
				BUNDLE_LOADER = "$(TEST_HOST)";
				CODE_SIGN_STYLE = Automatic;
				COMBINE_HIDPI_IMAGES = YES;
				DEVELOPMENT_TEAM = 256XK3JMY6;
				INFOPLIST_FILE = TransTimestampTests/Info.plist;
				LD_RUNPATH_SEARCH_PATHS = (
					"$(inherited)",
					"@executable_path/../Frameworks",
					"@loader_path/../Frameworks",
				);
				PRODUCT_BUNDLE_IDENTIFIER = chengshq.TransTimestampTests;
				PRODUCT_NAME = "$(TARGET_NAME)";
				SWIFT_VERSION = 4.2;
				TEST_HOST = "$(BUILT_PRODUCTS_DIR)/TransTimestamp.app/Contents/MacOS/TransTimestamp";
			};
			name = Debug;
		};
		716F040322C4D98500E88DB2 /* Release */ = {
			isa = XCBuildConfiguration;
			buildSettings = {
				ALWAYS_EMBED_SWIFT_STANDARD_LIBRARIES = YES;
				BUNDLE_LOADER = "$(TEST_HOST)";
				CODE_SIGN_STYLE = Automatic;
				COMBINE_HIDPI_IMAGES = YES;
				DEVELOPMENT_TEAM = 256XK3JMY6;
				INFOPLIST_FILE = TransTimestampTests/Info.plist;
				LD_RUNPATH_SEARCH_PATHS = (
					"$(inherited)",
					"@executable_path/../Frameworks",
					"@loader_path/../Frameworks",
				);
				PRODUCT_BUNDLE_IDENTIFIER = chengshq.TransTimestampTests;
				PRODUCT_NAME = "$(TARGET_NAME)";
				SWIFT_VERSION = 4.2;
				TEST_HOST = "$(BUILT_PRODUCTS_DIR)/TransTimestamp.app/Contents/MacOS/TransTimestamp";
			};
			name = Release;
		};
		716F040522C4D98500E88DB2 /* Debug */ = {
			isa = XCBuildConfiguration;
			buildSettings = {
				ALWAYS_EMBED_SWIFT_STANDARD_LIBRARIES = YES;
				CODE_SIGN_STYLE = Automatic;
				COMBINE_HIDPI_IMAGES = YES;
				DEVELOPMENT_TEAM = 256XK3JMY6;
				INFOPLIST_FILE = TransTimestampUITests/Info.plist;
				LD_RUNPATH_SEARCH_PATHS = (
					"$(inherited)",
					"@executable_path/../Frameworks",
					"@loader_path/../Frameworks",
				);
				PRODUCT_BUNDLE_IDENTIFIER = chengshq.TransTimestampUITests;
				PRODUCT_NAME = "$(TARGET_NAME)";
				SWIFT_VERSION = 4.2;
				TEST_TARGET_NAME = TransTimestamp;
			};
			name = Debug;
		};
		716F040622C4D98500E88DB2 /* Release */ = {
			isa = XCBuildConfiguration;
			buildSettings = {
				ALWAYS_EMBED_SWIFT_STANDARD_LIBRARIES = YES;
				CODE_SIGN_STYLE = Automatic;
				COMBINE_HIDPI_IMAGES = YES;
				DEVELOPMENT_TEAM = 256XK3JMY6;
				INFOPLIST_FILE = TransTimestampUITests/Info.plist;
				LD_RUNPATH_SEARCH_PATHS = (
					"$(inherited)",
					"@executable_path/../Frameworks",
					"@loader_path/../Frameworks",
				);
				PRODUCT_BUNDLE_IDENTIFIER = chengshq.TransTimestampUITests;
				PRODUCT_NAME = "$(TARGET_NAME)";
				SWIFT_VERSION = 4.2;
				TEST_TARGET_NAME = TransTimestamp;
			};
			name = Release;
		};
/* End XCBuildConfiguration section */

/* Begin XCConfigurationList section */
		716F03D322C4D98300E88DB2 /* Build configuration list for PBXProject "TransTimestamp" */ = {
			isa = XCConfigurationList;
			buildConfigurations = (
				716F03FC22C4D98500E88DB2 /* Debug */,
				716F03FD22C4D98500E88DB2 /* Release */,
			);
			defaultConfigurationIsVisible = 0;
			defaultConfigurationName = Release;
		};
		716F03FE22C4D98500E88DB2 /* Build configuration list for PBXNativeTarget "TransTimestamp" */ = {
			isa = XCConfigurationList;
			buildConfigurations = (
				716F03FF22C4D98500E88DB2 /* Debug */,
				716F040022C4D98500E88DB2 /* Release */,
			);
			defaultConfigurationIsVisible = 0;
			defaultConfigurationName = Release;
		};
		716F040122C4D98500E88DB2 /* Build configuration list for PBXNativeTarget "TransTimestampTests" */ = {
			isa = XCConfigurationList;
			buildConfigurations = (
				716F040222C4D98500E88DB2 /* Debug */,
				716F040322C4D98500E88DB2 /* Release */,
			);
			defaultConfigurationIsVisible = 0;
			defaultConfigurationName = Release;
		};
		716F040422C4D98500E88DB2 /* Build configuration list for PBXNativeTarget "TransTimestampUITests" */ = {
			isa = XCConfigurationList;
			buildConfigurations = (
				716F040522C4D98500E88DB2 /* Debug */,
				716F040622C4D98500E88DB2 /* Release */,
			);
			defaultConfigurationIsVisible = 0;
			defaultConfigurationName = Release;
		};
/* End XCConfigurationList section */
	};
	rootObject = 716F03D022C4D98300E88DB2 /* Project object */;
}
